// !$*UTF8*$!
{
	archiveVersion = 1;
	classes = {
	};
	objectVersion = 56;
	objects = {

/* Begin PBXBuildFile section */
		A404BB3B2B9C19DC00D2BED9 /* ConceptsModel.swift in Sources */ = {isa = PBXBuildFile; fileRef = A404BB3A2B9C19DC00D2BED9 /* ConceptsModel.swift */; };
		A404BB3D2B9C1EF000D2BED9 /* ConceptsRowView.swift in Sources */ = {isa = PBXBuildFile; fileRef = A404BB3C2B9C1EF000D2BED9 /* ConceptsRowView.swift */; };
		A404BB3F2B9C2CC200D2BED9 /* ConceptsListView.swift in Sources */ = {isa = PBXBuildFile; fileRef = A404BB3E2B9C2CC200D2BED9 /* ConceptsListView.swift */; };
		DD411B092BA3A612001AAA76 /* PhotoCompDetailView.swift in Sources */ = {isa = PBXBuildFile; fileRef = DD411B082BA3A612001AAA76 /* PhotoCompDetailView.swift */; };
		DD411B0D2BA41AAA001AAA76 /* CompositionManager.swift in Sources */ = {isa = PBXBuildFile; fileRef = DD411B0C2BA41AAA001AAA76 /* CompositionManager.swift */; };
		DDAE17C72B8D4CAC000EC9FE /* ConceptsApp.swift in Sources */ = {isa = PBXBuildFile; fileRef = DDAE17C62B8D4CAC000EC9FE /* ConceptsApp.swift */; };
		DDAE17C92B8D4CAC000EC9FE /* ContentView.swift in Sources */ = {isa = PBXBuildFile; fileRef = DDAE17C82B8D4CAC000EC9FE /* ContentView.swift */; };
		DDAE17CB2B8D4CAD000EC9FE /* assets.xcassets in Resources */ = {isa = PBXBuildFile; fileRef = DDAE17CA2B8D4CAD000EC9FE /* assets.xcassets */; };
		DDAE17CE2B8D4CAD000EC9FE /* Preview Assets.xcassets in Resources */ = {isa = PBXBuildFile; fileRef = DDAE17CD2B8D4CAD000EC9FE /* Preview Assets.xcassets */; };
		DDAE17D82B8D4CAD000EC9FE /* ConceptsTests.swift in Sources */ = {isa = PBXBuildFile; fileRef = DDAE17D72B8D4CAD000EC9FE /* ConceptsTests.swift */; };
		DDAE17E22B8D4CAD000EC9FE /* ConceptsUITests.swift in Sources */ = {isa = PBXBuildFile; fileRef = DDAE17E12B8D4CAD000EC9FE /* ConceptsUITests.swift */; };
		DDAE17E42B8D4CAD000EC9FE /* ConceptsUITestsLaunchTests.swift in Sources */ = {isa = PBXBuildFile; fileRef = DDAE17E32B8D4CAD000EC9FE /* ConceptsUITestsLaunchTests.swift */; };
		DDE204112BA8E56B00FE9216 /* OrientationManager.swift in Sources */ = {isa = PBXBuildFile; fileRef = DDE204102BA8E56B00FE9216 /* OrientationManager.swift */; };
		DDE204132BA8E5D300FE9216 /* PhotoCompositionCameraView.swift in Sources */ = {isa = PBXBuildFile; fileRef = DDE204122BA8E5D300FE9216 /* PhotoCompositionCameraView.swift */; };
		DDE204152BA8E5F500FE9216 /* CameraView.swift in Sources */ = {isa = PBXBuildFile; fileRef = DDE204142BA8E5F500FE9216 /* CameraView.swift */; };
		DDE204192BA8F6E000FE9216 /* CameraAccessView.swift in Sources */ = {isa = PBXBuildFile; fileRef = DDE204182BA8F6E000FE9216 /* CameraAccessView.swift */; };
		DDE2C5CE2BA1187100CB046A /* PhotoComp.swift in Sources */ = {isa = PBXBuildFile; fileRef = DDE2C5CD2BA1187100CB046A /* PhotoComp.swift */; };
		DDE2C5D12BA11CA900CB046A /* CodeView.swift in Sources */ = {isa = PBXBuildFile; fileRef = DDE2C5D02BA11CA900CB046A /* CodeView.swift */; };
/* End PBXBuildFile section */

/* Begin PBXContainerItemProxy section */
		DDAE17D42B8D4CAD000EC9FE /* PBXContainerItemProxy */ = {
			isa = PBXContainerItemProxy;
			containerPortal = DDAE17BB2B8D4CAC000EC9FE /* Project object */;
			proxyType = 1;
			remoteGlobalIDString = DDAE17C22B8D4CAC000EC9FE;
			remoteInfo = Concepts;
		};
		DDAE17DE2B8D4CAD000EC9FE /* PBXContainerItemProxy */ = {
			isa = PBXContainerItemProxy;
			containerPortal = DDAE17BB2B8D4CAC000EC9FE /* Project object */;
			proxyType = 1;
			remoteGlobalIDString = DDAE17C22B8D4CAC000EC9FE;
			remoteInfo = Concepts;
		};
/* End PBXContainerItemProxy section */

/* Begin PBXFileReference section */
		A404BB3A2B9C19DC00D2BED9 /* ConceptsModel.swift */ = {isa = PBXFileReference; lastKnownFileType = sourcecode.swift; path = ConceptsModel.swift; sourceTree = "<group>"; };
		A404BB3C2B9C1EF000D2BED9 /* ConceptsRowView.swift */ = {isa = PBXFileReference; lastKnownFileType = sourcecode.swift; path = ConceptsRowView.swift; sourceTree = "<group>"; };
		A404BB3E2B9C2CC200D2BED9 /* ConceptsListView.swift */ = {isa = PBXFileReference; lastKnownFileType = sourcecode.swift; path = ConceptsListView.swift; sourceTree = "<group>"; };
		DD411B082BA3A612001AAA76 /* PhotoCompDetailView.swift */ = {isa = PBXFileReference; lastKnownFileType = sourcecode.swift; path = PhotoCompDetailView.swift; sourceTree = "<group>"; };
		DD411B0C2BA41AAA001AAA76 /* CompositionManager.swift */ = {isa = PBXFileReference; lastKnownFileType = sourcecode.swift; path = CompositionManager.swift; sourceTree = "<group>"; };
		DDAE17C32B8D4CAC000EC9FE /* Concepts.app */ = {isa = PBXFileReference; explicitFileType = wrapper.application; includeInIndex = 0; path = Concepts.app; sourceTree = BUILT_PRODUCTS_DIR; };
		DDAE17C62B8D4CAC000EC9FE /* ConceptsApp.swift */ = {isa = PBXFileReference; lastKnownFileType = sourcecode.swift; path = ConceptsApp.swift; sourceTree = "<group>"; };
		DDAE17C82B8D4CAC000EC9FE /* ContentView.swift */ = {isa = PBXFileReference; lastKnownFileType = sourcecode.swift; path = ContentView.swift; sourceTree = "<group>"; };
		DDAE17CA2B8D4CAD000EC9FE /* assets.xcassets */ = {isa = PBXFileReference; lastKnownFileType = folder.assetcatalog; path = assets.xcassets; sourceTree = "<group>"; };
		DDAE17CD2B8D4CAD000EC9FE /* Preview Assets.xcassets */ = {isa = PBXFileReference; lastKnownFileType = folder.assetcatalog; path = "Preview Assets.xcassets"; sourceTree = "<group>"; };
		DDAE17D32B8D4CAD000EC9FE /* ConceptsTests.xctest */ = {isa = PBXFileReference; explicitFileType = wrapper.cfbundle; includeInIndex = 0; path = ConceptsTests.xctest; sourceTree = BUILT_PRODUCTS_DIR; };
		DDAE17D72B8D4CAD000EC9FE /* ConceptsTests.swift */ = {isa = PBXFileReference; lastKnownFileType = sourcecode.swift; path = ConceptsTests.swift; sourceTree = "<group>"; };
		DDAE17DD2B8D4CAD000EC9FE /* ConceptsUITests.xctest */ = {isa = PBXFileReference; explicitFileType = wrapper.cfbundle; includeInIndex = 0; path = ConceptsUITests.xctest; sourceTree = BUILT_PRODUCTS_DIR; };
		DDAE17E12B8D4CAD000EC9FE /* ConceptsUITests.swift */ = {isa = PBXFileReference; lastKnownFileType = sourcecode.swift; path = ConceptsUITests.swift; sourceTree = "<group>"; };
		DDAE17E32B8D4CAD000EC9FE /* ConceptsUITestsLaunchTests.swift */ = {isa = PBXFileReference; lastKnownFileType = sourcecode.swift; path = ConceptsUITestsLaunchTests.swift; sourceTree = "<group>"; };
		DDE204102BA8E56B00FE9216 /* OrientationManager.swift */ = {isa = PBXFileReference; lastKnownFileType = sourcecode.swift; path = OrientationManager.swift; sourceTree = "<group>"; };
		DDE204122BA8E5D300FE9216 /* PhotoCompositionCameraView.swift */ = {isa = PBXFileReference; lastKnownFileType = sourcecode.swift; path = PhotoCompositionCameraView.swift; sourceTree = "<group>"; };
		DDE204142BA8E5F500FE9216 /* CameraView.swift */ = {isa = PBXFileReference; lastKnownFileType = sourcecode.swift; path = CameraView.swift; sourceTree = "<group>"; };
		DDE204182BA8F6E000FE9216 /* CameraAccessView.swift */ = {isa = PBXFileReference; lastKnownFileType = sourcecode.swift; path = CameraAccessView.swift; sourceTree = "<group>"; };
		DDE2C5CD2BA1187100CB046A /* PhotoComp.swift */ = {isa = PBXFileReference; lastKnownFileType = sourcecode.swift; path = PhotoComp.swift; sourceTree = "<group>"; };
		DDE2C5D02BA11CA900CB046A /* CodeView.swift */ = {isa = PBXFileReference; lastKnownFileType = sourcecode.swift; path = CodeView.swift; sourceTree = "<group>"; };
/* End PBXFileReference section */

/* Begin PBXFrameworksBuildPhase section */
		DDAE17C02B8D4CAC000EC9FE /* Frameworks */ = {
			isa = PBXFrameworksBuildPhase;
			buildActionMask = 2147483647;
			files = (
			);
			runOnlyForDeploymentPostprocessing = 0;
		};
		DDAE17D02B8D4CAD000EC9FE /* Frameworks */ = {
			isa = PBXFrameworksBuildPhase;
			buildActionMask = 2147483647;
			files = (
			);
			runOnlyForDeploymentPostprocessing = 0;
		};
		DDAE17DA2B8D4CAD000EC9FE /* Frameworks */ = {
			isa = PBXFrameworksBuildPhase;
			buildActionMask = 2147483647;
			files = (
			);
			runOnlyForDeploymentPostprocessing = 0;
		};
/* End PBXFrameworksBuildPhase section */

/* Begin PBXGroup section */
		DD411B062BA3A5B7001AAA76 /* ConceptsList */ = {
			isa = PBXGroup;
			children = (
				A404BB3C2B9C1EF000D2BED9 /* ConceptsRowView.swift */,
				A404BB3E2B9C2CC200D2BED9 /* ConceptsListView.swift */,
				A404BB3A2B9C19DC00D2BED9 /* ConceptsModel.swift */,
			);
			path = ConceptsList;
			sourceTree = "<group>";
		};
		DD411B072BA3A5FE001AAA76 /* DetailView */ = {
			isa = PBXGroup;
			children = (
				DD411B082BA3A612001AAA76 /* PhotoCompDetailView.swift */,
				DDE204122BA8E5D300FE9216 /* PhotoCompositionCameraView.swift */,
			);
			path = DetailView;
			sourceTree = "<group>";
		};
		DDAE17BA2B8D4CAC000EC9FE = {
			isa = PBXGroup;
			children = (
				DDAE17C52B8D4CAC000EC9FE /* Concepts */,
				DDAE17D62B8D4CAD000EC9FE /* ConceptsTests */,
				DDAE17E02B8D4CAD000EC9FE /* ConceptsUITests */,
				DDAE17C42B8D4CAC000EC9FE /* Products */,
			);
			sourceTree = "<group>";
		};
		DDAE17C42B8D4CAC000EC9FE /* Products */ = {
			isa = PBXGroup;
			children = (
				DDAE17C32B8D4CAC000EC9FE /* Concepts.app */,
				DDAE17D32B8D4CAD000EC9FE /* ConceptsTests.xctest */,
				DDAE17DD2B8D4CAD000EC9FE /* ConceptsUITests.xctest */,
			);
			name = Products;
			sourceTree = "<group>";
		};
		DDAE17C52B8D4CAC000EC9FE /* Concepts */ = {
			isa = PBXGroup;
			children = (
				DDAE17C62B8D4CAC000EC9FE /* ConceptsApp.swift */,
				DDAE17C82B8D4CAC000EC9FE /* ContentView.swift */,
				DD411B072BA3A5FE001AAA76 /* DetailView */,
				DDE2C5CF2BA11C7D00CB046A /* Utilities */,
				DDE2C5CC2BA1185600CB046A /* Models */,
				DD411B062BA3A5B7001AAA76 /* ConceptsList */,
				DDAE17CA2B8D4CAD000EC9FE /* assets.xcassets */,
				DDAE17CC2B8D4CAD000EC9FE /* Preview Content */,
			);
			path = Concepts;
			sourceTree = "<group>";
		};
		DDAE17CC2B8D4CAD000EC9FE /* Preview Content */ = {
			isa = PBXGroup;
			children = (
				DDAE17CD2B8D4CAD000EC9FE /* Preview Assets.xcassets */,
			);
			path = "Preview Content";
			sourceTree = "<group>";
		};
		DDAE17D62B8D4CAD000EC9FE /* ConceptsTests */ = {
			isa = PBXGroup;
			children = (
				DDAE17D72B8D4CAD000EC9FE /* ConceptsTests.swift */,
			);
			path = ConceptsTests;
			sourceTree = "<group>";
		};
		DDAE17E02B8D4CAD000EC9FE /* ConceptsUITests */ = {
			isa = PBXGroup;
			children = (
				DDAE17E12B8D4CAD000EC9FE /* ConceptsUITests.swift */,
				DDAE17E32B8D4CAD000EC9FE /* ConceptsUITestsLaunchTests.swift */,
			);
			path = ConceptsUITests;
			sourceTree = "<group>";
		};
		DDE2C5CC2BA1185600CB046A /* Models */ = {
			isa = PBXGroup;
			children = (
				DDE2C5CD2BA1187100CB046A /* PhotoComp.swift */,
			);
			path = Models;
			sourceTree = "<group>";
		};
		DDE2C5CF2BA11C7D00CB046A /* Utilities */ = {
			isa = PBXGroup;
			children = (
				DDE2C5D02BA11CA900CB046A /* CodeView.swift */,
				DD411B0C2BA41AAA001AAA76 /* CompositionManager.swift */,
				DDE204102BA8E56B00FE9216 /* OrientationManager.swift */,
				DDE204142BA8E5F500FE9216 /* CameraView.swift */,
				DDE204182BA8F6E000FE9216 /* CameraAccessView.swift */,
			);
			path = Utilities;
			sourceTree = "<group>";
		};
/* End PBXGroup section */

/* Begin PBXNativeTarget section */
		DDAE17C22B8D4CAC000EC9FE /* Concepts */ = {
			isa = PBXNativeTarget;
			buildConfigurationList = DDAE17E72B8D4CAD000EC9FE /* Build configuration list for PBXNativeTarget "Concepts" */;
			buildPhases = (
				DDAE17BF2B8D4CAC000EC9FE /* Sources */,
				DDAE17C02B8D4CAC000EC9FE /* Frameworks */,
				DDAE17C12B8D4CAC000EC9FE /* Resources */,
			);
			buildRules = (
			);
			dependencies = (
			);
			name = Concepts;
			productName = Concepts;
			productReference = DDAE17C32B8D4CAC000EC9FE /* Concepts.app */;
			productType = "com.apple.product-type.application";
		};
		DDAE17D22B8D4CAD000EC9FE /* ConceptsTests */ = {
			isa = PBXNativeTarget;
			buildConfigurationList = DDAE17EA2B8D4CAD000EC9FE /* Build configuration list for PBXNativeTarget "ConceptsTests" */;
			buildPhases = (
				DDAE17CF2B8D4CAD000EC9FE /* Sources */,
				DDAE17D02B8D4CAD000EC9FE /* Frameworks */,
				DDAE17D12B8D4CAD000EC9FE /* Resources */,
			);
			buildRules = (
			);
			dependencies = (
				DDAE17D52B8D4CAD000EC9FE /* PBXTargetDependency */,
			);
			name = ConceptsTests;
			productName = ConceptsTests;
			productReference = DDAE17D32B8D4CAD000EC9FE /* ConceptsTests.xctest */;
			productType = "com.apple.product-type.bundle.unit-test";
		};
		DDAE17DC2B8D4CAD000EC9FE /* ConceptsUITests */ = {
			isa = PBXNativeTarget;
			buildConfigurationList = DDAE17ED2B8D4CAD000EC9FE /* Build configuration list for PBXNativeTarget "ConceptsUITests" */;
			buildPhases = (
				DDAE17D92B8D4CAD000EC9FE /* Sources */,
				DDAE17DA2B8D4CAD000EC9FE /* Frameworks */,
				DDAE17DB2B8D4CAD000EC9FE /* Resources */,
			);
			buildRules = (
			);
			dependencies = (
				DDAE17DF2B8D4CAD000EC9FE /* PBXTargetDependency */,
			);
			name = ConceptsUITests;
			productName = ConceptsUITests;
			productReference = DDAE17DD2B8D4CAD000EC9FE /* ConceptsUITests.xctest */;
			productType = "com.apple.product-type.bundle.ui-testing";
		};
/* End PBXNativeTarget section */

/* Begin PBXProject section */
		DDAE17BB2B8D4CAC000EC9FE /* Project object */ = {
			isa = PBXProject;
			attributes = {
				BuildIndependentTargetsInParallel = 1;
				LastSwiftUpdateCheck = 1430;
				LastUpgradeCheck = 1430;
				TargetAttributes = {
					DDAE17C22B8D4CAC000EC9FE = {
						CreatedOnToolsVersion = 14.3.1;
					};
					DDAE17D22B8D4CAD000EC9FE = {
						CreatedOnToolsVersion = 14.3.1;
						TestTargetID = DDAE17C22B8D4CAC000EC9FE;
					};
					DDAE17DC2B8D4CAD000EC9FE = {
						CreatedOnToolsVersion = 14.3.1;
						TestTargetID = DDAE17C22B8D4CAC000EC9FE;
					};
				};
			};
			buildConfigurationList = DDAE17BE2B8D4CAC000EC9FE /* Build configuration list for PBXProject "Concepts" */;
			compatibilityVersion = "Xcode 14.0";
			developmentRegion = en;
			hasScannedForEncodings = 0;
			knownRegions = (
				en,
				Base,
			);
			mainGroup = DDAE17BA2B8D4CAC000EC9FE;
			productRefGroup = DDAE17C42B8D4CAC000EC9FE /* Products */;
			projectDirPath = "";
			projectRoot = "";
			targets = (
				DDAE17C22B8D4CAC000EC9FE /* Concepts */,
				DDAE17D22B8D4CAD000EC9FE /* ConceptsTests */,
				DDAE17DC2B8D4CAD000EC9FE /* ConceptsUITests */,
			);
		};
/* End PBXProject section */

/* Begin PBXResourcesBuildPhase section */
		DDAE17C12B8D4CAC000EC9FE /* Resources */ = {
			isa = PBXResourcesBuildPhase;
			buildActionMask = 2147483647;
			files = (
				DDAE17CE2B8D4CAD000EC9FE /* Preview Assets.xcassets in Resources */,
				DDAE17CB2B8D4CAD000EC9FE /* assets.xcassets in Resources */,
			);
			runOnlyForDeploymentPostprocessing = 0;
		};
		DDAE17D12B8D4CAD000EC9FE /* Resources */ = {
			isa = PBXResourcesBuildPhase;
			buildActionMask = 2147483647;
			files = (
			);
			runOnlyForDeploymentPostprocessing = 0;
		};
		DDAE17DB2B8D4CAD000EC9FE /* Resources */ = {
			isa = PBXResourcesBuildPhase;
			buildActionMask = 2147483647;
			files = (
			);
			runOnlyForDeploymentPostprocessing = 0;
		};
/* End PBXResourcesBuildPhase section */

/* Begin PBXSourcesBuildPhase section */
		DDAE17BF2B8D4CAC000EC9FE /* Sources */ = {
			isa = PBXSourcesBuildPhase;
			buildActionMask = 2147483647;
			files = (
				DDAE17C92B8D4CAC000EC9FE /* ContentView.swift in Sources */,
				A404BB3B2B9C19DC00D2BED9 /* ConceptsModel.swift in Sources */,
				A404BB3D2B9C1EF000D2BED9 /* ConceptsRowView.swift in Sources */,
				DDE204152BA8E5F500FE9216 /* CameraView.swift in Sources */,
				DDE2C5CE2BA1187100CB046A /* PhotoComp.swift in Sources */,
				A404BB3F2B9C2CC200D2BED9 /* ConceptsListView.swift in Sources */,
				DD411B092BA3A612001AAA76 /* PhotoCompDetailView.swift in Sources */,
				DDAE17C72B8D4CAC000EC9FE /* ConceptsApp.swift in Sources */,
				DD411B0D2BA41AAA001AAA76 /* CompositionManager.swift in Sources */,
				DDE204112BA8E56B00FE9216 /* OrientationManager.swift in Sources */,
				DDE204192BA8F6E000FE9216 /* CameraAccessView.swift in Sources */,
				DDE204132BA8E5D300FE9216 /* PhotoCompositionCameraView.swift in Sources */,
				DDE2C5D12BA11CA900CB046A /* CodeView.swift in Sources */,
			);
			runOnlyForDeploymentPostprocessing = 0;
		};
		DDAE17CF2B8D4CAD000EC9FE /* Sources */ = {
			isa = PBXSourcesBuildPhase;
			buildActionMask = 2147483647;
			files = (
				DDAE17D82B8D4CAD000EC9FE /* ConceptsTests.swift in Sources */,
			);
			runOnlyForDeploymentPostprocessing = 0;
		};
		DDAE17D92B8D4CAD000EC9FE /* Sources */ = {
			isa = PBXSourcesBuildPhase;
			buildActionMask = 2147483647;
			files = (
				DDAE17E42B8D4CAD000EC9FE /* ConceptsUITestsLaunchTests.swift in Sources */,
				DDAE17E22B8D4CAD000EC9FE /* ConceptsUITests.swift in Sources */,
			);
			runOnlyForDeploymentPostprocessing = 0;
		};
/* End PBXSourcesBuildPhase section */

/* Begin PBXTargetDependency section */
		DDAE17D52B8D4CAD000EC9FE /* PBXTargetDependency */ = {
			isa = PBXTargetDependency;
			target = DDAE17C22B8D4CAC000EC9FE /* Concepts */;
			targetProxy = DDAE17D42B8D4CAD000EC9FE /* PBXContainerItemProxy */;
		};
		DDAE17DF2B8D4CAD000EC9FE /* PBXTargetDependency */ = {
			isa = PBXTargetDependency;
			target = DDAE17C22B8D4CAC000EC9FE /* Concepts */;
			targetProxy = DDAE17DE2B8D4CAD000EC9FE /* PBXContainerItemProxy */;
		};
/* End PBXTargetDependency section */

/* Begin XCBuildConfiguration section */
		DDAE17E52B8D4CAD000EC9FE /* Debug */ = {
			isa = XCBuildConfiguration;
			buildSettings = {
				ALWAYS_SEARCH_USER_PATHS = NO;
				CLANG_ANALYZER_NONNULL = YES;
				CLANG_ANALYZER_NUMBER_OBJECT_CONVERSION = YES_AGGRESSIVE;
				CLANG_CXX_LANGUAGE_STANDARD = "gnu++20";
				CLANG_ENABLE_MODULES = YES;
				CLANG_ENABLE_OBJC_ARC = YES;
				CLANG_ENABLE_OBJC_WEAK = YES;
				CLANG_WARN_BLOCK_CAPTURE_AUTORELEASING = YES;
				CLANG_WARN_BOOL_CONVERSION = YES;
				CLANG_WARN_COMMA = YES;
				CLANG_WARN_CONSTANT_CONVERSION = YES;
				CLANG_WARN_DEPRECATED_OBJC_IMPLEMENTATIONS = YES;
				CLANG_WARN_DIRECT_OBJC_ISA_USAGE = YES_ERROR;
				CLANG_WARN_DOCUMENTATION_COMMENTS = YES;
				CLANG_WARN_EMPTY_BODY = YES;
				CLANG_WARN_ENUM_CONVERSION = YES;
				CLANG_WARN_INFINITE_RECURSION = YES;
				CLANG_WARN_INT_CONVERSION = YES;
				CLANG_WARN_NON_LITERAL_NULL_CONVERSION = YES;
				CLANG_WARN_OBJC_IMPLICIT_RETAIN_SELF = YES;
				CLANG_WARN_OBJC_LITERAL_CONVERSION = YES;
				CLANG_WARN_OBJC_ROOT_CLASS = YES_ERROR;
				CLANG_WARN_QUOTED_INCLUDE_IN_FRAMEWORK_HEADER = YES;
				CLANG_WARN_RANGE_LOOP_ANALYSIS = YES;
				CLANG_WARN_STRICT_PROTOTYPES = YES;
				CLANG_WARN_SUSPICIOUS_MOVE = YES;
				CLANG_WARN_UNGUARDED_AVAILABILITY = YES_AGGRESSIVE;
				CLANG_WARN_UNREACHABLE_CODE = YES;
				CLANG_WARN__DUPLICATE_METHOD_MATCH = YES;
				COPY_PHASE_STRIP = NO;
				DEBUG_INFORMATION_FORMAT = dwarf;
				ENABLE_STRICT_OBJC_MSGSEND = YES;
				ENABLE_TESTABILITY = YES;
				GCC_C_LANGUAGE_STANDARD = gnu11;
				GCC_DYNAMIC_NO_PIC = NO;
				GCC_NO_COMMON_BLOCKS = YES;
				GCC_OPTIMIZATION_LEVEL = 0;
				GCC_PREPROCESSOR_DEFINITIONS = (
					"DEBUG=1",
					"$(inherited)",
				);
				GCC_WARN_64_TO_32_BIT_CONVERSION = YES;
				GCC_WARN_ABOUT_RETURN_TYPE = YES_ERROR;
				GCC_WARN_UNDECLARED_SELECTOR = YES;
				GCC_WARN_UNINITIALIZED_AUTOS = YES_AGGRESSIVE;
				GCC_WARN_UNUSED_FUNCTION = YES;
				GCC_WARN_UNUSED_VARIABLE = YES;
				INFOPLIST_FILE = "$(SRCROOT)/Info.plist";
				IPHONEOS_DEPLOYMENT_TARGET = 16.4;
				MTL_ENABLE_DEBUG_INFO = INCLUDE_SOURCE;
				MTL_FAST_MATH = YES;
				ONLY_ACTIVE_ARCH = YES;
				SDKROOT = iphoneos;
				SWIFT_ACTIVE_COMPILATION_CONDITIONS = DEBUG;
				SWIFT_OPTIMIZATION_LEVEL = "-Onone";
			};
			name = Debug;
		};
		DDAE17E62B8D4CAD000EC9FE /* Release */ = {
			isa = XCBuildConfiguration;
			buildSettings = {
				ALWAYS_SEARCH_USER_PATHS = NO;
				CLANG_ANALYZER_NONNULL = YES;
				CLANG_ANALYZER_NUMBER_OBJECT_CONVERSION = YES_AGGRESSIVE;
				CLANG_CXX_LANGUAGE_STANDARD = "gnu++20";
				CLANG_ENABLE_MODULES = YES;
				CLANG_ENABLE_OBJC_ARC = YES;
				CLANG_ENABLE_OBJC_WEAK = YES;
				CLANG_WARN_BLOCK_CAPTURE_AUTORELEASING = YES;
				CLANG_WARN_BOOL_CONVERSION = YES;
				CLANG_WARN_COMMA = YES;
				CLANG_WARN_CONSTANT_CONVERSION = YES;
				CLANG_WARN_DEPRECATED_OBJC_IMPLEMENTATIONS = YES;
				CLANG_WARN_DIRECT_OBJC_ISA_USAGE = YES_ERROR;
				CLANG_WARN_DOCUMENTATION_COMMENTS = YES;
				CLANG_WARN_EMPTY_BODY = YES;
				CLANG_WARN_ENUM_CONVERSION = YES;
				CLANG_WARN_INFINITE_RECURSION = YES;
				CLANG_WARN_INT_CONVERSION = YES;
				CLANG_WARN_NON_LITERAL_NULL_CONVERSION = YES;
				CLANG_WARN_OBJC_IMPLICIT_RETAIN_SELF = YES;
				CLANG_WARN_OBJC_LITERAL_CONVERSION = YES;
				CLANG_WARN_OBJC_ROOT_CLASS = YES_ERROR;
				CLANG_WARN_QUOTED_INCLUDE_IN_FRAMEWORK_HEADER = YES;
				CLANG_WARN_RANGE_LOOP_ANALYSIS = YES;
				CLANG_WARN_STRICT_PROTOTYPES = YES;
				CLANG_WARN_SUSPICIOUS_MOVE = YES;
				CLANG_WARN_UNGUARDED_AVAILABILITY = YES_AGGRESSIVE;
				CLANG_WARN_UNREACHABLE_CODE = YES;
				CLANG_WARN__DUPLICATE_METHOD_MATCH = YES;
				COPY_PHASE_STRIP = NO;
				DEBUG_INFORMATION_FORMAT = "dwarf-with-dsym";
				ENABLE_NS_ASSERTIONS = NO;
				ENABLE_STRICT_OBJC_MSGSEND = YES;
				GCC_C_LANGUAGE_STANDARD = gnu11;
				GCC_NO_COMMON_BLOCKS = YES;
				GCC_WARN_64_TO_32_BIT_CONVERSION = YES;
				GCC_WARN_ABOUT_RETURN_TYPE = YES_ERROR;
				GCC_WARN_UNDECLARED_SELECTOR = YES;
				GCC_WARN_UNINITIALIZED_AUTOS = YES_AGGRESSIVE;
				GCC_WARN_UNUSED_FUNCTION = YES;
				GCC_WARN_UNUSED_VARIABLE = YES;
				INFOPLIST_FILE = "$(SRCROOT)/Info.plist";
				IPHONEOS_DEPLOYMENT_TARGET = 16.4;
				MTL_ENABLE_DEBUG_INFO = NO;
				MTL_FAST_MATH = YES;
				SDKROOT = iphoneos;
				SWIFT_COMPILATION_MODE = wholemodule;
				SWIFT_OPTIMIZATION_LEVEL = "-O";
				VALIDATE_PRODUCT = YES;
			};
			name = Release;
		};
		DDAE17E82B8D4CAD000EC9FE /* Debug */ = {
			isa = XCBuildConfiguration;
			buildSettings = {
				ASSETCATALOG_COMPILER_APPICON_NAME = AppIcon;
				ASSETCATALOG_COMPILER_GLOBAL_ACCENT_COLOR_NAME = AccentColor;
				CODE_SIGN_STYLE = Automatic;
				CURRENT_PROJECT_VERSION = 1;
				DEVELOPMENT_ASSET_PATHS = "\"Concepts/Preview Content\"";
				DEVELOPMENT_TEAM = 7J77M7XTN8;
				ENABLE_PREVIEWS = YES;
				GENERATE_INFOPLIST_FILE = YES;
				INFOPLIST_KEY_NSCameraUsageDescription = "Necesitamos la camara para que puedas hacer uso de nuestros overlays";
				INFOPLIST_KEY_UIApplicationSceneManifest_Generation = YES;
				INFOPLIST_KEY_UIApplicationSupportsIndirectInputEvents = YES;
				INFOPLIST_KEY_UILaunchScreen_Generation = YES;
				INFOPLIST_KEY_UISupportedInterfaceOrientations = UIInterfaceOrientationPortrait;
				LD_RUNPATH_SEARCH_PATHS = (
					"$(inherited)",
					"@executable_path/Frameworks",
				);
				MARKETING_VERSION = 1.0;
				PRODUCT_BUNDLE_IDENTIFIER = "-upah.Concepts";
				PRODUCT_NAME = "$(TARGET_NAME)";
				SWIFT_EMIT_LOC_STRINGS = YES;
				SWIFT_VERSION = 5.0;
				TARGETED_DEVICE_FAMILY = "1,2";
			};
			name = Debug;
		};
		DDAE17E92B8D4CAD000EC9FE /* Release */ = {
			isa = XCBuildConfiguration;
			buildSettings = {
				ASSETCATALOG_COMPILER_APPICON_NAME = AppIcon;
				ASSETCATALOG_COMPILER_GLOBAL_ACCENT_COLOR_NAME = AccentColor;
				CODE_SIGN_STYLE = Automatic;
				CURRENT_PROJECT_VERSION = 1;
				DEVELOPMENT_ASSET_PATHS = "\"Concepts/Preview Content\"";
				DEVELOPMENT_TEAM = 7J77M7XTN8;
				ENABLE_PREVIEWS = YES;
				GENERATE_INFOPLIST_FILE = YES;
				INFOPLIST_KEY_NSCameraUsageDescription = "Necesitamos la camara para que puedas hacer uso de nuestros overlays";
				INFOPLIST_KEY_UIApplicationSceneManifest_Generation = YES;
				INFOPLIST_KEY_UIApplicationSupportsIndirectInputEvents = YES;
				INFOPLIST_KEY_UILaunchScreen_Generation = YES;
				INFOPLIST_KEY_UISupportedInterfaceOrientations = UIInterfaceOrientationPortrait;
				LD_RUNPATH_SEARCH_PATHS = (
					"$(inherited)",
					"@executable_path/Frameworks",
				);
				MARKETING_VERSION = 1.0;
				PRODUCT_BUNDLE_IDENTIFIER = "-upah.Concepts";
				PRODUCT_NAME = "$(TARGET_NAME)";
				SWIFT_EMIT_LOC_STRINGS = YES;
				SWIFT_VERSION = 5.0;
				TARGETED_DEVICE_FAMILY = "1,2";
			};
			name = Release;
		};
		DDAE17EB2B8D4CAD000EC9FE /* Debug */ = {
			isa = XCBuildConfiguration;
			buildSettings = {
				ALWAYS_EMBED_SWIFT_STANDARD_LIBRARIES = YES;
				BUNDLE_LOADER = "$(TEST_HOST)";
				CODE_SIGN_STYLE = Automatic;
				CURRENT_PROJECT_VERSION = 1;
				DEVELOPMENT_TEAM = 7J77M7XTN8;
				GENERATE_INFOPLIST_FILE = YES;
				IPHONEOS_DEPLOYMENT_TARGET = 16.4;
				MARKETING_VERSION = 1.0;
				PRODUCT_BUNDLE_IDENTIFIER = "-upah.ConceptsTests";
				PRODUCT_NAME = "$(TARGET_NAME)";
				SWIFT_EMIT_LOC_STRINGS = NO;
				SWIFT_VERSION = 5.0;
				TARGETED_DEVICE_FAMILY = "1,2";
				TEST_HOST = "$(BUILT_PRODUCTS_DIR)/Concepts.app/$(BUNDLE_EXECUTABLE_FOLDER_PATH)/Concepts";
			};
			name = Debug;
		};
		DDAE17EC2B8D4CAD000EC9FE /* Release */ = {
			isa = XCBuildConfiguration;
			buildSettings = {
				ALWAYS_EMBED_SWIFT_STANDARD_LIBRARIES = YES;
				BUNDLE_LOADER = "$(TEST_HOST)";
				CODE_SIGN_STYLE = Automatic;
				CURRENT_PROJECT_VERSION = 1;
				DEVELOPMENT_TEAM = 7J77M7XTN8;
				GENERATE_INFOPLIST_FILE = YES;
				IPHONEOS_DEPLOYMENT_TARGET = 16.4;
				MARKETING_VERSION = 1.0;
				PRODUCT_BUNDLE_IDENTIFIER = "-upah.ConceptsTests";
				PRODUCT_NAME = "$(TARGET_NAME)";
				SWIFT_EMIT_LOC_STRINGS = NO;
				SWIFT_VERSION = 5.0;
				TARGETED_DEVICE_FAMILY = "1,2";
				TEST_HOST = "$(BUILT_PRODUCTS_DIR)/Concepts.app/$(BUNDLE_EXECUTABLE_FOLDER_PATH)/Concepts";
			};
			name = Release;
		};
		DDAE17EE2B8D4CAD000EC9FE /* Debug */ = {
			isa = XCBuildConfiguration;
			buildSettings = {
				ALWAYS_EMBED_SWIFT_STANDARD_LIBRARIES = YES;
				CODE_SIGN_STYLE = Automatic;
				CURRENT_PROJECT_VERSION = 1;
				DEVELOPMENT_TEAM = 7J77M7XTN8;
				GENERATE_INFOPLIST_FILE = YES;
				MARKETING_VERSION = 1.0;
				PRODUCT_BUNDLE_IDENTIFIER = "-upah.ConceptsUITests";
				PRODUCT_NAME = "$(TARGET_NAME)";
				SWIFT_EMIT_LOC_STRINGS = NO;
				SWIFT_VERSION = 5.0;
				TARGETED_DEVICE_FAMILY = "1,2";
				TEST_TARGET_NAME = Concepts;
			};
			name = Debug;
		};
		DDAE17EF2B8D4CAD000EC9FE /* Release */ = {
			isa = XCBuildConfiguration;
			buildSettings = {
				ALWAYS_EMBED_SWIFT_STANDARD_LIBRARIES = YES;
				CODE_SIGN_STYLE = Automatic;
				CURRENT_PROJECT_VERSION = 1;
				DEVELOPMENT_TEAM = 7J77M7XTN8;
				GENERATE_INFOPLIST_FILE = YES;
				MARKETING_VERSION = 1.0;
				PRODUCT_BUNDLE_IDENTIFIER = "-upah.ConceptsUITests";
				PRODUCT_NAME = "$(TARGET_NAME)";
				SWIFT_EMIT_LOC_STRINGS = NO;
				SWIFT_VERSION = 5.0;
				TARGETED_DEVICE_FAMILY = "1,2";
				TEST_TARGET_NAME = Concepts;
			};
			name = Release;
		};
/* End XCBuildConfiguration section */

/* Begin XCConfigurationList section */
		DDAE17BE2B8D4CAC000EC9FE /* Build configuration list for PBXProject "Concepts" */ = {
			isa = XCConfigurationList;
			buildConfigurations = (
				DDAE17E52B8D4CAD000EC9FE /* Debug */,
				DDAE17E62B8D4CAD000EC9FE /* Release */,
			);
			defaultConfigurationIsVisible = 0;
			defaultConfigurationName = Release;
		};
		DDAE17E72B8D4CAD000EC9FE /* Build configuration list for PBXNativeTarget "Concepts" */ = {
			isa = XCConfigurationList;
			buildConfigurations = (
				DDAE17E82B8D4CAD000EC9FE /* Debug */,
				DDAE17E92B8D4CAD000EC9FE /* Release */,
			);
			defaultConfigurationIsVisible = 0;
			defaultConfigurationName = Release;
		};
		DDAE17EA2B8D4CAD000EC9FE /* Build configuration list for PBXNativeTarget "ConceptsTests" */ = {
			isa = XCConfigurationList;
			buildConfigurations = (
				DDAE17EB2B8D4CAD000EC9FE /* Debug */,
				DDAE17EC2B8D4CAD000EC9FE /* Release */,
			);
			defaultConfigurationIsVisible = 0;
			defaultConfigurationName = Release;
		};
		DDAE17ED2B8D4CAD000EC9FE /* Build configuration list for PBXNativeTarget "ConceptsUITests" */ = {
			isa = XCConfigurationList;
			buildConfigurations = (
				DDAE17EE2B8D4CAD000EC9FE /* Debug */,
				DDAE17EF2B8D4CAD000EC9FE /* Release */,
			);
			defaultConfigurationIsVisible = 0;
			defaultConfigurationName = Release;
		};
/* End XCConfigurationList section */
	};
	rootObject = DDAE17BB2B8D4CAC000EC9FE /* Project object */;
}
